{
  "name": "micro-app",
  "version": "1.0.0",
  "lockfileVersion": 1,
  "requires": true,
  "dependencies": {
    "miniprogram-api-promise": {
      "version": "1.0.4",
      "resolved": "https://registry.npmjs.org/miniprogram-api-promise/-/miniprogram-api-promise-1.0.4.tgz",
      "integrity": "sha512-lS2ukj03Ugy8IJUDmdssklLT4kjzyRtVYwErhyDZkzxtqcxaed2xldRgNrsikigeMUBR9gAs7wgnjSKPlyKIYg=="
    },
    "miniprogram-api-typings": {
      "version": "2.10.4",
      "resolved": "https://registry.npmjs.org/miniprogram-api-typings/-/miniprogram-api-typings-2.10.4.tgz",
      "integrity": "sha512-IXWi6sJFd/EH1wNR8rtOx2+hJOwZk7jKFVIshQ0aAlRaKk0P4Jack4SItzUwNURgRykvrleGgErI/jH5hsiniw==",
      "dev": true
    },
    "weui-miniprogram": {
      "version": "1.0.3",
      "resolved": "https://registry.npmjs.org/weui-miniprogram/-/weui-miniprogram-1.0.3.tgz",
      "integrity": "sha512-b29QHJDbTzGG7+2WOQGKrZeRJ7dG7x5m4Ruqe7DXBDRcPHU9oKF6wZXnyVWF9pLk8PeOWxlnIjALbZVnN4blXw=="
    }
  }
}
