{
  "name": "micro-app",
  "version": "1.0.0",
  "lockfileVersion": 2,
  "requires": true,
  "packages": {
    "": {
      "name": "micro-app",
      "version": "1.0.0",
      "license": "ISC",
      "dependencies": {
        "miniprogram-api-promise": "^1.0.4",
        "weui-miniprogram": "^1.0.3"
      },
      "devDependencies": {
        "miniprogram-api-typings": "^5.2.2",
        "typescript": "^5.8.2"
      }
    },
    "node_modules/miniprogram-api-promise": {
      "version": "1.0.4",
      "resolved": "https://registry.npmjs.org/miniprogram-api-promise/-/miniprogram-api-promise-1.0.4.tgz",
      "integrity": "sha512-lS2ukj03Ugy8IJUDmdssklLT4kjzyRtVYwErhyDZkzxtqcxaed2xldRgNrsikigeMUBR9gAs7wgnjSKPlyKIYg=="
    },
    "node_modules/miniprogram-api-typings": {
      "version": "5.2.3",
      "resolved": "https://registry.npmjs.org/miniprogram-api-typings/-/miniprogram-api-typings-5.2.3.tgz",
      "integrity": "sha512-KVcNSfR2VmRtz35rxkjLxE92HlsBnbT6NsKyTcDX3ebbTKAsAiTOFO1mRM82Xbe848dnEYqNGzaD48LMEvGytw==",
      "dev": true,
      "license": "MIT"
    },
    "node_modules/typescript": {
      "version": "5.9.3",
      "resolved": "https://registry.npmjs.org/typescript/-/typescript-5.9.3.tgz",
      "integrity": "sha512-jl1vZzPDinLr9eUt3J/t7V6FgNEw9QjvBPdysz9KfQDD41fQrC2Y4vKQdiaUpFT4bXlb1RHhLpp8wtm6M5TgSw==",
      "dev": true,
      "license": "Apache-2.0",
      "bin": {
        "tsc": "bin/tsc",
        "tsserver": "bin/tsserver"
      },
      "engines": {
        "node": ">=14.17"
      }
    },
    "node_modules/weui-miniprogram": {
      "version": "1.0.3",
      "resolved": "https://registry.npmjs.org/weui-miniprogram/-/weui-miniprogram-1.0.3.tgz",
      "integrity": "sha512-b29QHJDbTzGG7+2WOQGKrZeRJ7dG7x5m4Ruqe7DXBDRcPHU9oKF6wZXnyVWF9pLk8PeOWxlnIjALbZVnN4blXw=="
    }
  },
  "dependencies": {
    "miniprogram-api-promise": {
      "version": "1.0.4",
      "resolved": "https://registry.npmjs.org/miniprogram-api-promise/-/miniprogram-api-promise-1.0.4.tgz",
      "integrity": "sha512-lS2ukj03Ugy8IJUDmdssklLT4kjzyRtVYwErhyDZkzxtqcxaed2xldRgNrsikigeMUBR9gAs7wgnjSKPlyKIYg=="
    },
    "miniprogram-api-typings": {
      "version": "5.2.3",
      "resolved": "https://registry.npmjs.org/miniprogram-api-typings/-/miniprogram-api-typings-5.2.3.tgz",
      "integrity": "sha512-KVcNSfR2VmRtz35rxkjLxE92HlsBnbT6NsKyTcDX3ebbTKAsAiTOFO1mRM82Xbe848dnEYqNGzaD48LMEvGytw==",
      "dev": true
    },
    "typescript": {
      "version": "5.9.3",
      "resolved": "https://registry.npmjs.org/typescript/-/typescript-5.9.3.tgz",
      "integrity": "sha512-jl1vZzPDinLr9eUt3J/t7V6FgNEw9QjvBPdysz9KfQDD41fQrC2Y4vKQdiaUpFT4bXlb1RHhLpp8wtm6M5TgSw==",
      "dev": true
    },
    "weui-miniprogram": {
      "version": "1.0.3",
      "resolved": "https://registry.npmjs.org/weui-miniprogram/-/weui-miniprogram-1.0.3.tgz",
      "integrity": "sha512-b29QHJDbTzGG7+2WOQGKrZeRJ7dG7x5m4Ruqe7DXBDRcPHU9oKF6wZXnyVWF9pLk8PeOWxlnIjALbZVnN4blXw=="
    }
  }
}
