{
  "name": "micro-app",
  "version": "1.0.0",
  "lockfileVersion": 2,
  "requires": true,
  "packages": {
    "": {
      "name": "micro-app",
      "version": "1.0.0",
      "license": "ISC",
      "dependencies": {
        "miniprogram-api-promise": "^1.0.4",
        "weui-miniprogram": "^1.0.3"
      },
      "devDependencies": {
        "miniprogram-api-typings": "^3.4.4"
      }
    },
    "node_modules/miniprogram-api-promise": {
      "version": "1.0.4",
      "resolved": "https://registry.npmjs.org/miniprogram-api-promise/-/miniprogram-api-promise-1.0.4.tgz",
      "integrity": "sha512-lS2ukj03Ugy8IJUDmdssklLT4kjzyRtVYwErhyDZkzxtqcxaed2xldRgNrsikigeMUBR9gAs7wgnjSKPlyKIYg=="
    },
    "node_modules/miniprogram-api-typings": {
      "version": "3.4.4",
      "resolved": "https://registry.npmjs.org/miniprogram-api-typings/-/miniprogram-api-typings-3.4.4.tgz",
      "integrity": "sha512-vT4avEJxCnscNXjY3rI0dNtU1tf/mNll9RhAS0uS+eN5IdQ7MrnG5thGOxjoWnDJSiPYLG912IMcf6KKsXEDAQ==",
      "dev": true
    },
    "node_modules/weui-miniprogram": {
      "version": "1.0.3",
      "resolved": "https://registry.npmjs.org/weui-miniprogram/-/weui-miniprogram-1.0.3.tgz",
      "integrity": "sha512-b29QHJDbTzGG7+2WOQGKrZeRJ7dG7x5m4Ruqe7DXBDRcPHU9oKF6wZXnyVWF9pLk8PeOWxlnIjALbZVnN4blXw=="
    }
  },
  "dependencies": {
    "miniprogram-api-promise": {
      "version": "1.0.4",
      "resolved": "https://registry.npmjs.org/miniprogram-api-promise/-/miniprogram-api-promise-1.0.4.tgz",
      "integrity": "sha512-lS2ukj03Ugy8IJUDmdssklLT4kjzyRtVYwErhyDZkzxtqcxaed2xldRgNrsikigeMUBR9gAs7wgnjSKPlyKIYg=="
    },
    "miniprogram-api-typings": {
      "version": "3.4.4",
      "resolved": "https://registry.npmjs.org/miniprogram-api-typings/-/miniprogram-api-typings-3.4.4.tgz",
      "integrity": "sha512-vT4avEJxCnscNXjY3rI0dNtU1tf/mNll9RhAS0uS+eN5IdQ7MrnG5thGOxjoWnDJSiPYLG912IMcf6KKsXEDAQ==",
      "dev": true
    },
    "weui-miniprogram": {
      "version": "1.0.3",
      "resolved": "https://registry.npmjs.org/weui-miniprogram/-/weui-miniprogram-1.0.3.tgz",
      "integrity": "sha512-b29QHJDbTzGG7+2WOQGKrZeRJ7dG7x5m4Ruqe7DXBDRcPHU9oKF6wZXnyVWF9pLk8PeOWxlnIjALbZVnN4blXw=="
    }
  }
}
