lockfileVersion: '9.0'

settings:
  autoInstallPeers: true
  excludeLinksFromLockfile: false

importers:

  .:
    devDependencies:
      miniprogram-api-typings:
        specifier: ^5.2.2
        version: 5.2.3
      typescript:
        specifier: ^5.8.2
        version: 5.9.3

packages:

  miniprogram-api-typings@5.2.3:
    resolution: {integrity: sha512-KVcNSfR2VmRtz35rxkjLxE92HlsBnbT6NsKyTcDX3ebbTKAsAiTOFO1mRM82Xbe848dnEYqNGzaD48LMEvGytw==}

  typescript@5.9.3:
    resolution: {integrity: sha512-jl1vZzPDinLr9eUt3J/t7V6FgNEw9QjvBPdysz9KfQDD41fQrC2Y4vKQdiaUpFT4bXlb1RHhLpp8wtm6M5TgSw==}
    engines: {node: '>=14.17'}
    hasBin: true

snapshots:

  miniprogram-api-typings@5.2.3: {}

  typescript@5.9.3: {}
